
Microsoft Visual Studio Solution File, Format Version 12.00
# Visual Studio 15
VisualStudioVersion = 15.0.27703.2042
MinimumVisualStudioVersion = 10.0.40219.1
Project("{FAE04EC0-301F-11D3-BF4B-00C04F79EFBC}") = "Gilded.Rose", "Gilded.Rose\Gilded.Rose.csproj", "{950FBED0-18ED-45C2-9CD7-E217DCAC34E0}"
EndProject
Project("{FAE04EC0-301F-11D3-BF4B-00C04F79EFBC}") = "Gilded.Rose.Tests", "Gilded.Rose.Tests\Gilded.Rose.Tests.csproj", "{8576BA33-851D-4D2B-80DB-CBAE6C9A9296}"
EndProject
Global
	GlobalSection(SolutionConfigurationPlatforms) = preSolution
		Debug|Any CPU = Debug|Any CPU
		Release|Any CPU = Release|Any CPU
	EndGlobalSection
	GlobalSection(ProjectConfigurationPlatforms) = postSolution
		{950FBED0-18ED-45C2-9CD7-E217DCAC34E0}.Debug|Any CPU.ActiveCfg = Debug|Any CPU
		{950FBED0-18ED-45C2-9CD7-E217DCAC34E0}.Debug|Any CPU.Build.0 = Debug|Any CPU
		{950FBED0-18ED-45C2-9CD7-E217DCAC34E0}.Release|Any CPU.ActiveCfg = Release|Any CPU
		{950FBED0-18ED-45C2-9CD7-E217DCAC34E0}.Release|Any CPU.Build.0 = Release|Any CPU
		{8576BA33-851D-4D2B-80DB-CBAE6C9A9296}.Debug|Any CPU.ActiveCfg = Debug|Any CPU
		{8576BA33-851D-4D2B-80DB-CBAE6C9A9296}.Debug|Any CPU.Build.0 = Debug|Any CPU
		{8576BA33-851D-4D2B-80DB-CBAE6C9A9296}.Release|Any CPU.ActiveCfg = Release|Any CPU
		{8576BA33-851D-4D2B-80DB-CBAE6C9A9296}.Release|Any CPU.Build.0 = Release|Any CPU
	EndGlobalSection
	GlobalSection(SolutionProperties) = preSolution
		HideSolutionNode = FALSE
	EndGlobalSection
	GlobalSection(ExtensibilityGlobals) = postSolution
		SolutionGuid = {47600F3C-DB06-428C-81F7-3823D9D2F66D}
	EndGlobalSection
EndGlobal
